
Microsoft Visual Studio Solution File, Format Version 12.00
# Visual Studio 2015
Project("{FAE04EC0-301F-11D3-BF4B-00C04F79EFBC}") = "UnityAnimatorControllerMaker.CSharp", "UnityAnimatorControllerMaker.CSharp.csproj", "{97535DF1-82B2-0829-4E74-A61882AF113A}"
EndProject
Project("{FAE04EC0-301F-11D3-BF4B-00C04F79EFBC}") = "UnityAnimatorControllerMaker.CSharp.Editor", "UnityAnimatorControllerMaker.CSharp.Editor.csproj", "{67066EB6-325A-AC88-B539-0BAF9F00584A}"
EndProject
Global
	GlobalSection(SolutionConfigurationPlatforms) = preSolution
		Debug|Any CPU = Debug|Any CPU
		Release|Any CPU = Release|Any CPU
	EndGlobalSection
	GlobalSection(ProjectConfigurationPlatforms) = postSolution
		{97535DF1-82B2-0829-4E74-A61882AF113A}.Debug|Any CPU.ActiveCfg = Debug|Any CPU
		{97535DF1-82B2-0829-4E74-A61882AF113A}.Debug|Any CPU.Build.0 = Debug|Any CPU
		{97535DF1-82B2-0829-4E74-A61882AF113A}.Release|Any CPU.ActiveCfg = Release|Any CPU
		{97535DF1-82B2-0829-4E74-A61882AF113A}.Release|Any CPU.Build.0 = Release|Any CPU
		{67066EB6-325A-AC88-B539-0BAF9F00584A}.Debug|Any CPU.ActiveCfg = Debug|Any CPU
		{67066EB6-325A-AC88-B539-0BAF9F00584A}.Debug|Any CPU.Build.0 = Debug|Any CPU
		{67066EB6-325A-AC88-B539-0BAF9F00584A}.Release|Any CPU.ActiveCfg = Release|Any CPU
		{67066EB6-325A-AC88-B539-0BAF9F00584A}.Release|Any CPU.Build.0 = Release|Any CPU
	EndGlobalSection
	GlobalSection(SolutionProperties) = preSolution
		HideSolutionNode = FALSE
	EndGlobalSection
EndGlobal
